// !$*UTF8*$!
{
	archiveVersion = 1;
	classes = {
	};
	objectVersion = 54;
	objects = {

/* Begin PBXBuildFile section */
		00E356F31AD99517003FC87E /* testeLogLifeTests.m in Sources */ = {isa = PBXBuildFile; fileRef = 00E356F21AD99517003FC87E /* testeLogLifeTests.m */; };
		13B07FBC1A68108700A75B9A /* AppDelegate.m in Sources */ = {isa = PBXBuildFile; fileRef = 13B07FB01A68108700A75B9A /* AppDelegate.m */; };
		13B07FBF1A68108700A75B9A /* Images.xcassets in Resources */ = {isa = PBXBuildFile; fileRef = 13B07FB51A68108700A75B9A /* Images.xcassets */; };
		13B07FC11A68108700A75B9A /* main.m in Sources */ = {isa = PBXBuildFile; fileRef = 13B07FB71A68108700A75B9A /* main.m */; };
		81AB9BB82411601600AC10FF /* LaunchScreen.storyboard in Resources */ = {isa = PBXBuildFile; fileRef = 81AB9BB72411601600AC10FF /* LaunchScreen.storyboard */; };
		4C7BF274159B49DAB4ABF74A /* AntDesign.ttf in Resources */ = {isa = PBXBuildFile; fileRef = DEC68EA8DD534FD4B19BE66C /* AntDesign.ttf */; };
		6982C8D2B9844086AAFEF8B7 /* Entypo.ttf in Resources */ = {isa = PBXBuildFile; fileRef = 5541E2AC00A44E4FA56828AF /* Entypo.ttf */; };
		1CF9BB929AAB41B1AEB20084 /* EvilIcons.ttf in Resources */ = {isa = PBXBuildFile; fileRef = A29ACC6C11F2433AAEEB5EE3 /* EvilIcons.ttf */; };
		6C8107220EE6478DB2DF3489 /* Feather.ttf in Resources */ = {isa = PBXBuildFile; fileRef = 95717990B11C4D55A17E4414 /* Feather.ttf */; };
		815A88A6BE964ABEBBD6C179 /* FontAwesome.ttf in Resources */ = {isa = PBXBuildFile; fileRef = 166EA6EA0B7D4A70AF64D1DC /* FontAwesome.ttf */; };
		FAB499C103F34C80869AA1D2 /* FontAwesome5_Brands.ttf in Resources */ = {isa = PBXBuildFile; fileRef = 1079A2F9AD214EE5860281CA /* FontAwesome5_Brands.ttf */; };
		EFA72EE9151947FDBCC3F272 /* FontAwesome5_Regular.ttf in Resources */ = {isa = PBXBuildFile; fileRef = 196AFC4966854CAE8C844D06 /* FontAwesome5_Regular.ttf */; };
		038618760DB543879172B700 /* FontAwesome5_Solid.ttf in Resources */ = {isa = PBXBuildFile; fileRef = 1B4F19263FE3403DA22FFA48 /* FontAwesome5_Solid.ttf */; };
		DB642AD7D36647BE91AACCB8 /* Fontisto.ttf in Resources */ = {isa = PBXBuildFile; fileRef = BE43628265AC4A5CA7DD9522 /* Fontisto.ttf */; };
		6A732DC0EBBE4E25A86C66E1 /* Foundation.ttf in Resources */ = {isa = PBXBuildFile; fileRef = 74EC31C073CF4385BF42B1BA /* Foundation.ttf */; };
		13908804647B452585C02209 /* Ionicons.ttf in Resources */ = {isa = PBXBuildFile; fileRef = 8C2A52BDE0E54530B3A43946 /* Ionicons.ttf */; };
		6568E9B23D964B5BAF2F5C11 /* MaterialCommunityIcons.ttf in Resources */ = {isa = PBXBuildFile; fileRef = 1338EE45147744DCADDC2835 /* MaterialCommunityIcons.ttf */; };
		ED22785B4641420597720BE5 /* MaterialIcons.ttf in Resources */ = {isa = PBXBuildFile; fileRef = 5A02B90163A4403DB0CC4836 /* MaterialIcons.ttf */; };
		BF6EB616F7004E86BEA11030 /* Octicons.ttf in Resources */ = {isa = PBXBuildFile; fileRef = F3191E5D61A34ADF883D4A43 /* Octicons.ttf */; };
		66FF49584F5A4ECDAC07998E /* SimpleLineIcons.ttf in Resources */ = {isa = PBXBuildFile; fileRef = 36D1F01D234E4EDFB4E08208 /* SimpleLineIcons.ttf */; };
		1B06749EB48144E7BDF11122 /* Zocial.ttf in Resources */ = {isa = PBXBuildFile; fileRef = 6382DC6BB5384CC4BB9ADA80 /* Zocial.ttf */; };
		399158A1C2BE45588F420CF2 /* NeuzeitGro-Bol.ttf in Resources */ = {isa = PBXBuildFile; fileRef = 66B57F4647074A029717E816 /* NeuzeitGro-Bol.ttf */; };
		7EC1B555D38F4D71BA1EC579 /* NeuzeitGro-Lig.ttf in Resources */ = {isa = PBXBuildFile; fileRef = C0FB1AF447FF45FF856EA32E /* NeuzeitGro-Lig.ttf */; };
		36CC16B068AD43A7B225358A /* NeuzeitGro-Reg.ttf in Resources */ = {isa = PBXBuildFile; fileRef = 60457C9D24794966A1BE2E4E /* NeuzeitGro-Reg.ttf */; };
		9C86867AE1EC4B4497AF43FB /* Poppins-Black.ttf in Resources */ = {isa = PBXBuildFile; fileRef = A15C33B44BDF47389DA508F2 /* Poppins-Black.ttf */; };
		D8AF4EF6D7F64FF0B94EC1FA /* Poppins-BlackItalic.ttf in Resources */ = {isa = PBXBuildFile; fileRef = 2B08E56B02E949A48E068E0F /* Poppins-BlackItalic.ttf */; };
		6A5279DCA7AC47B08A214F91 /* Poppins-Bold.ttf in Resources */ = {isa = PBXBuildFile; fileRef = 6F389C62D94345DF9B32909B /* Poppins-Bold.ttf */; };
		DFC7CA16D47F4B81AF413CAC /* Poppins-BoldItalic.ttf in Resources */ = {isa = PBXBuildFile; fileRef = 7C901A5123C248D49B22034C /* Poppins-BoldItalic.ttf */; };
		75AEC5A6C3E54F70A307E195 /* Poppins-ExtraBold.ttf in Resources */ = {isa = PBXBuildFile; fileRef = 58A78691981F4DC199DA61E8 /* Poppins-ExtraBold.ttf */; };
		41168BB04DB542D5BA50A837 /* Poppins-ExtraBoldItalic.ttf in Resources */ = {isa = PBXBuildFile; fileRef = A1DAE67763624757A0012FEF /* Poppins-ExtraBoldItalic.ttf */; };
		94FADA969A6847DFBEDF5086 /* Poppins-ExtraLight.ttf in Resources */ = {isa = PBXBuildFile; fileRef = EDA4C0052EB04E7BA3249D19 /* Poppins-ExtraLight.ttf */; };
		3BD19202253E4B39BE4E9A65 /* Poppins-ExtraLightItalic.ttf in Resources */ = {isa = PBXBuildFile; fileRef = E410E255D9494AF69D8AEB8A /* Poppins-ExtraLightItalic.ttf */; };
		DF21B709B20D42A6A6FF30E5 /* Poppins-Italic.ttf in Resources */ = {isa = PBXBuildFile; fileRef = 51105006C9974DD99FC59908 /* Poppins-Italic.ttf */; };
		886891E434BC491DB3E41F8F /* Poppins-Light.ttf in Resources */ = {isa = PBXBuildFile; fileRef = 3328D4AC301C489B81344FEE /* Poppins-Light.ttf */; };
		D6CE05AB8A4C4072AED66EE2 /* Poppins-LightItalic.ttf in Resources */ = {isa = PBXBuildFile; fileRef = 82566A9751B149D8B7ECF320 /* Poppins-LightItalic.ttf */; };
		261967DE239D4D38AF5A7F8D /* Poppins-Medium.ttf in Resources */ = {isa = PBXBuildFile; fileRef = FE6EEDAAA6434582B862E1AE /* Poppins-Medium.ttf */; };
		D1CF46EDC35D42F99BC3797A /* Poppins-MediumItalic.ttf in Resources */ = {isa = PBXBuildFile; fileRef = F0B3DD1BAB4B4D56B224C260 /* Poppins-MediumItalic.ttf */; };
		128A1C4C57F142258AD671F0 /* Poppins-Regular.ttf in Resources */ = {isa = PBXBuildFile; fileRef = E65429F133EC4FDC89264CDA /* Poppins-Regular.ttf */; };
		A031DE28C614480394073EBD /* Poppins-SemiBold.ttf in Resources */ = {isa = PBXBuildFile; fileRef = 88C6FEB6EC1D4BB5879AA5A3 /* Poppins-SemiBold.ttf */; };
		A34127F8B2DF4BB9A5C4FC7F /* Poppins-SemiBoldItalic.ttf in Resources */ = {isa = PBXBuildFile; fileRef = 93AD46723ED24B3FA008ADB3 /* Poppins-SemiBoldItalic.ttf */; };
		FD27177FC4E74D7FAC72C248 /* Poppins-Thin.ttf in Resources */ = {isa = PBXBuildFile; fileRef = 60FD83286C604317A750547D /* Poppins-Thin.ttf */; };
		86AC97ABBE7B4F56B20C7FAD /* Poppins-ThinItalic.ttf in Resources */ = {isa = PBXBuildFile; fileRef = C634E5C550A8444BBCAFBDAD /* Poppins-ThinItalic.ttf */; };
/* End PBXBuildFile section */

/* Begin PBXContainerItemProxy section */
		00E356F41AD99517003FC87E /* PBXContainerItemProxy */ = {
			isa = PBXContainerItemProxy;
			containerPortal = 83CBB9F71A601CBA00E9B192 /* Project object */;
			proxyType = 1;
			remoteGlobalIDString = 13B07F861A680F5B00A75B9A;
			remoteInfo = testeLogLife;
		};
/* End PBXContainerItemProxy section */

/* Begin PBXFileReference section */
		00E356EE1AD99517003FC87E /* testeLogLifeTests.xctest */ = {isa = PBXFileReference; explicitFileType = wrapper.cfbundle; includeInIndex = 0; path = testeLogLifeTests.xctest; sourceTree = BUILT_PRODUCTS_DIR; };
		00E356F11AD99517003FC87E /* Info.plist */ = {isa = PBXFileReference; lastKnownFileType = text.plist.xml; path = Info.plist; sourceTree = "<group>"; };
		00E356F21AD99517003FC87E /* testeLogLifeTests.m */ = {isa = PBXFileReference; lastKnownFileType = sourcecode.c.objc; path = testeLogLifeTests.m; sourceTree = "<group>"; };
		13B07F961A680F5B00A75B9A /* testeLogLife.app */ = {isa = PBXFileReference; explicitFileType = wrapper.application; includeInIndex = 0; path = testeLogLife.app; sourceTree = BUILT_PRODUCTS_DIR; };
		13B07FAF1A68108700A75B9A /* AppDelegate.h */ = {isa = PBXFileReference; fileEncoding = 4; lastKnownFileType = sourcecode.c.h; name = AppDelegate.h; path = testeLogLife/AppDelegate.h; sourceTree = "<group>"; };
		13B07FB01A68108700A75B9A /* AppDelegate.m */ = {isa = PBXFileReference; fileEncoding = 4; lastKnownFileType = sourcecode.c.objc; name = AppDelegate.m; path = testeLogLife/AppDelegate.m; sourceTree = "<group>"; };
		13B07FB51A68108700A75B9A /* Images.xcassets */ = {isa = PBXFileReference; lastKnownFileType = folder.assetcatalog; name = Images.xcassets; path = testeLogLife/Images.xcassets; sourceTree = "<group>"; };
		13B07FB61A68108700A75B9A /* Info.plist */ = {isa = PBXFileReference; fileEncoding = 4; lastKnownFileType = text.plist.xml; name = Info.plist; path = testeLogLife/Info.plist; sourceTree = "<group>"; };
		13B07FB71A68108700A75B9A /* main.m */ = {isa = PBXFileReference; fileEncoding = 4; lastKnownFileType = sourcecode.c.objc; name = main.m; path = testeLogLife/main.m; sourceTree = "<group>"; };
		81AB9BB72411601600AC10FF /* LaunchScreen.storyboard */ = {isa = PBXFileReference; fileEncoding = 4; lastKnownFileType = file.storyboard; name = LaunchScreen.storyboard; path = testeLogLife/LaunchScreen.storyboard; sourceTree = "<group>"; };
		ED297162215061F000B7C4FE /* JavaScriptCore.framework */ = {isa = PBXFileReference; lastKnownFileType = wrapper.framework; name = JavaScriptCore.framework; path = System/Library/Frameworks/JavaScriptCore.framework; sourceTree = SDKROOT; };
		DEC68EA8DD534FD4B19BE66C /* AntDesign.ttf */ = {isa = PBXFileReference; name = "AntDesign.ttf"; path = "../node_modules/react-native-vector-icons/Fonts/AntDesign.ttf"; sourceTree = "<group>"; fileEncoding = undefined; lastKnownFileType = unknown; explicitFileType = undefined; includeInIndex = 0; };
		5541E2AC00A44E4FA56828AF /* Entypo.ttf */ = {isa = PBXFileReference; name = "Entypo.ttf"; path = "../node_modules/react-native-vector-icons/Fonts/Entypo.ttf"; sourceTree = "<group>"; fileEncoding = undefined; lastKnownFileType = unknown; explicitFileType = undefined; includeInIndex = 0; };
		A29ACC6C11F2433AAEEB5EE3 /* EvilIcons.ttf */ = {isa = PBXFileReference; name = "EvilIcons.ttf"; path = "../node_modules/react-native-vector-icons/Fonts/EvilIcons.ttf"; sourceTree = "<group>"; fileEncoding = undefined; lastKnownFileType = unknown; explicitFileType = undefined; includeInIndex = 0; };
		95717990B11C4D55A17E4414 /* Feather.ttf */ = {isa = PBXFileReference; name = "Feather.ttf"; path = "../node_modules/react-native-vector-icons/Fonts/Feather.ttf"; sourceTree = "<group>"; fileEncoding = undefined; lastKnownFileType = unknown; explicitFileType = undefined; includeInIndex = 0; };
		166EA6EA0B7D4A70AF64D1DC /* FontAwesome.ttf */ = {isa = PBXFileReference; name = "FontAwesome.ttf"; path = "../node_modules/react-native-vector-icons/Fonts/FontAwesome.ttf"; sourceTree = "<group>"; fileEncoding = undefined; lastKnownFileType = unknown; explicitFileType = undefined; includeInIndex = 0; };
		1079A2F9AD214EE5860281CA /* FontAwesome5_Brands.ttf */ = {isa = PBXFileReference; name = "FontAwesome5_Brands.ttf"; path = "../node_modules/react-native-vector-icons/Fonts/FontAwesome5_Brands.ttf"; sourceTree = "<group>"; fileEncoding = undefined; lastKnownFileType = unknown; explicitFileType = undefined; includeInIndex = 0; };
		196AFC4966854CAE8C844D06 /* FontAwesome5_Regular.ttf */ = {isa = PBXFileReference; name = "FontAwesome5_Regular.ttf"; path = "../node_modules/react-native-vector-icons/Fonts/FontAwesome5_Regular.ttf"; sourceTree = "<group>"; fileEncoding = undefined; lastKnownFileType = unknown; explicitFileType = undefined; includeInIndex = 0; };
		1B4F19263FE3403DA22FFA48 /* FontAwesome5_Solid.ttf */ = {isa = PBXFileReference; name = "FontAwesome5_Solid.ttf"; path = "../node_modules/react-native-vector-icons/Fonts/FontAwesome5_Solid.ttf"; sourceTree = "<group>"; fileEncoding = undefined; lastKnownFileType = unknown; explicitFileType = undefined; includeInIndex = 0; };
		BE43628265AC4A5CA7DD9522 /* Fontisto.ttf */ = {isa = PBXFileReference; name = "Fontisto.ttf"; path = "../node_modules/react-native-vector-icons/Fonts/Fontisto.ttf"; sourceTree = "<group>"; fileEncoding = undefined; lastKnownFileType = unknown; explicitFileType = undefined; includeInIndex = 0; };
		74EC31C073CF4385BF42B1BA /* Foundation.ttf */ = {isa = PBXFileReference; name = "Foundation.ttf"; path = "../node_modules/react-native-vector-icons/Fonts/Foundation.ttf"; sourceTree = "<group>"; fileEncoding = undefined; lastKnownFileType = unknown; explicitFileType = undefined; includeInIndex = 0; };
		8C2A52BDE0E54530B3A43946 /* Ionicons.ttf */ = {isa = PBXFileReference; name = "Ionicons.ttf"; path = "../node_modules/react-native-vector-icons/Fonts/Ionicons.ttf"; sourceTree = "<group>"; fileEncoding = undefined; lastKnownFileType = unknown; explicitFileType = undefined; includeInIndex = 0; };
		1338EE45147744DCADDC2835 /* MaterialCommunityIcons.ttf */ = {isa = PBXFileReference; name = "MaterialCommunityIcons.ttf"; path = "../node_modules/react-native-vector-icons/Fonts/MaterialCommunityIcons.ttf"; sourceTree = "<group>"; fileEncoding = undefined; lastKnownFileType = unknown; explicitFileType = undefined; includeInIndex = 0; };
		5A02B90163A4403DB0CC4836 /* MaterialIcons.ttf */ = {isa = PBXFileReference; name = "MaterialIcons.ttf"; path = "../node_modules/react-native-vector-icons/Fonts/MaterialIcons.ttf"; sourceTree = "<group>"; fileEncoding = undefined; lastKnownFileType = unknown; explicitFileType = undefined; includeInIndex = 0; };
		F3191E5D61A34ADF883D4A43 /* Octicons.ttf */ = {isa = PBXFileReference; name = "Octicons.ttf"; path = "../node_modules/react-native-vector-icons/Fonts/Octicons.ttf"; sourceTree = "<group>"; fileEncoding = undefined; lastKnownFileType = unknown; explicitFileType = undefined; includeInIndex = 0; };
		36D1F01D234E4EDFB4E08208 /* SimpleLineIcons.ttf */ = {isa = PBXFileReference; name = "SimpleLineIcons.ttf"; path = "../node_modules/react-native-vector-icons/Fonts/SimpleLineIcons.ttf"; sourceTree = "<group>"; fileEncoding = undefined; lastKnownFileType = unknown; explicitFileType = undefined; includeInIndex = 0; };
		6382DC6BB5384CC4BB9ADA80 /* Zocial.ttf */ = {isa = PBXFileReference; name = "Zocial.ttf"; path = "../node_modules/react-native-vector-icons/Fonts/Zocial.ttf"; sourceTree = "<group>"; fileEncoding = undefined; lastKnownFileType = unknown; explicitFileType = undefined; includeInIndex = 0; };
		66B57F4647074A029717E816 /* NeuzeitGro-Bol.ttf */ = {isa = PBXFileReference; name = "NeuzeitGro-Bol.ttf"; path = "../assets/fonts/NeuzeitGro-Bol.ttf"; sourceTree = "<group>"; fileEncoding = undefined; lastKnownFileType = unknown; explicitFileType = undefined; includeInIndex = 0; };
		C0FB1AF447FF45FF856EA32E /* NeuzeitGro-Lig.ttf */ = {isa = PBXFileReference; name = "NeuzeitGro-Lig.ttf"; path = "../assets/fonts/NeuzeitGro-Lig.ttf"; sourceTree = "<group>"; fileEncoding = undefined; lastKnownFileType = unknown; explicitFileType = undefined; includeInIndex = 0; };
		60457C9D24794966A1BE2E4E /* NeuzeitGro-Reg.ttf */ = {isa = PBXFileReference; name = "NeuzeitGro-Reg.ttf"; path = "../assets/fonts/NeuzeitGro-Reg.ttf"; sourceTree = "<group>"; fileEncoding = undefined; lastKnownFileType = unknown; explicitFileType = undefined; includeInIndex = 0; };
		A15C33B44BDF47389DA508F2 /* Poppins-Black.ttf */ = {isa = PBXFileReference; name = "Poppins-Black.ttf"; path = "../assets/fonts/Poppins-Black.ttf"; sourceTree = "<group>"; fileEncoding = undefined; lastKnownFileType = unknown; explicitFileType = undefined; includeInIndex = 0; };
		2B08E56B02E949A48E068E0F /* Poppins-BlackItalic.ttf */ = {isa = PBXFileReference; name = "Poppins-BlackItalic.ttf"; path = "../assets/fonts/Poppins-BlackItalic.ttf"; sourceTree = "<group>"; fileEncoding = undefined; lastKnownFileType = unknown; explicitFileType = undefined; includeInIndex = 0; };
		6F389C62D94345DF9B32909B /* Poppins-Bold.ttf */ = {isa = PBXFileReference; name = "Poppins-Bold.ttf"; path = "../assets/fonts/Poppins-Bold.ttf"; sourceTree = "<group>"; fileEncoding = undefined; lastKnownFileType = unknown; explicitFileType = undefined; includeInIndex = 0; };
		7C901A5123C248D49B22034C /* Poppins-BoldItalic.ttf */ = {isa = PBXFileReference; name = "Poppins-BoldItalic.ttf"; path = "../assets/fonts/Poppins-BoldItalic.ttf"; sourceTree = "<group>"; fileEncoding = undefined; lastKnownFileType = unknown; explicitFileType = undefined; includeInIndex = 0; };
		58A78691981F4DC199DA61E8 /* Poppins-ExtraBold.ttf */ = {isa = PBXFileReference; name = "Poppins-ExtraBold.ttf"; path = "../assets/fonts/Poppins-ExtraBold.ttf"; sourceTree = "<group>"; fileEncoding = undefined; lastKnownFileType = unknown; explicitFileType = undefined; includeInIndex = 0; };
		A1DAE67763624757A0012FEF /* Poppins-ExtraBoldItalic.ttf */ = {isa = PBXFileReference; name = "Poppins-ExtraBoldItalic.ttf"; path = "../assets/fonts/Poppins-ExtraBoldItalic.ttf"; sourceTree = "<group>"; fileEncoding = undefined; lastKnownFileType = unknown; explicitFileType = undefined; includeInIndex = 0; };
		EDA4C0052EB04E7BA3249D19 /* Poppins-ExtraLight.ttf */ = {isa = PBXFileReference; name = "Poppins-ExtraLight.ttf"; path = "../assets/fonts/Poppins-ExtraLight.ttf"; sourceTree = "<group>"; fileEncoding = undefined; lastKnownFileType = unknown; explicitFileType = undefined; includeInIndex = 0; };
		E410E255D9494AF69D8AEB8A /* Poppins-ExtraLightItalic.ttf */ = {isa = PBXFileReference; name = "Poppins-ExtraLightItalic.ttf"; path = "../assets/fonts/Poppins-ExtraLightItalic.ttf"; sourceTree = "<group>"; fileEncoding = undefined; lastKnownFileType = unknown; explicitFileType = undefined; includeInIndex = 0; };
		51105006C9974DD99FC59908 /* Poppins-Italic.ttf */ = {isa = PBXFileReference; name = "Poppins-Italic.ttf"; path = "../assets/fonts/Poppins-Italic.ttf"; sourceTree = "<group>"; fileEncoding = undefined; lastKnownFileType = unknown; explicitFileType = undefined; includeInIndex = 0; };
		3328D4AC301C489B81344FEE /* Poppins-Light.ttf */ = {isa = PBXFileReference; name = "Poppins-Light.ttf"; path = "../assets/fonts/Poppins-Light.ttf"; sourceTree = "<group>"; fileEncoding = undefined; lastKnownFileType = unknown; explicitFileType = undefined; includeInIndex = 0; };
		82566A9751B149D8B7ECF320 /* Poppins-LightItalic.ttf */ = {isa = PBXFileReference; name = "Poppins-LightItalic.ttf"; path = "../assets/fonts/Poppins-LightItalic.ttf"; sourceTree = "<group>"; fileEncoding = undefined; lastKnownFileType = unknown; explicitFileType = undefined; includeInIndex = 0; };
		FE6EEDAAA6434582B862E1AE /* Poppins-Medium.ttf */ = {isa = PBXFileReference; name = "Poppins-Medium.ttf"; path = "../assets/fonts/Poppins-Medium.ttf"; sourceTree = "<group>"; fileEncoding = undefined; lastKnownFileType = unknown; explicitFileType = undefined; includeInIndex = 0; };
		F0B3DD1BAB4B4D56B224C260 /* Poppins-MediumItalic.ttf */ = {isa = PBXFileReference; name = "Poppins-MediumItalic.ttf"; path = "../assets/fonts/Poppins-MediumItalic.ttf"; sourceTree = "<group>"; fileEncoding = undefined; lastKnownFileType = unknown; explicitFileType = undefined; includeInIndex = 0; };
		E65429F133EC4FDC89264CDA /* Poppins-Regular.ttf */ = {isa = PBXFileReference; name = "Poppins-Regular.ttf"; path = "../assets/fonts/Poppins-Regular.ttf"; sourceTree = "<group>"; fileEncoding = undefined; lastKnownFileType = unknown; explicitFileType = undefined; includeInIndex = 0; };
		88C6FEB6EC1D4BB5879AA5A3 /* Poppins-SemiBold.ttf */ = {isa = PBXFileReference; name = "Poppins-SemiBold.ttf"; path = "../assets/fonts/Poppins-SemiBold.ttf"; sourceTree = "<group>"; fileEncoding = undefined; lastKnownFileType = unknown; explicitFileType = undefined; includeInIndex = 0; };
		93AD46723ED24B3FA008ADB3 /* Poppins-SemiBoldItalic.ttf */ = {isa = PBXFileReference; name = "Poppins-SemiBoldItalic.ttf"; path = "../assets/fonts/Poppins-SemiBoldItalic.ttf"; sourceTree = "<group>"; fileEncoding = undefined; lastKnownFileType = unknown; explicitFileType = undefined; includeInIndex = 0; };
		60FD83286C604317A750547D /* Poppins-Thin.ttf */ = {isa = PBXFileReference; name = "Poppins-Thin.ttf"; path = "../assets/fonts/Poppins-Thin.ttf"; sourceTree = "<group>"; fileEncoding = undefined; lastKnownFileType = unknown; explicitFileType = undefined; includeInIndex = 0; };
		C634E5C550A8444BBCAFBDAD /* Poppins-ThinItalic.ttf */ = {isa = PBXFileReference; name = "Poppins-ThinItalic.ttf"; path = "../assets/fonts/Poppins-ThinItalic.ttf"; sourceTree = "<group>"; fileEncoding = undefined; lastKnownFileType = unknown; explicitFileType = undefined; includeInIndex = 0; };
/* End PBXFileReference section */

/* Begin PBXFrameworksBuildPhase section */
		00E356EB1AD99517003FC87E /* Frameworks */ = {
			isa = PBXFrameworksBuildPhase;
			buildActionMask = 2147483647;
			files = (
			);
			runOnlyForDeploymentPostprocessing = 0;
		};
		13B07F8C1A680F5B00A75B9A /* Frameworks */ = {
			isa = PBXFrameworksBuildPhase;
			buildActionMask = 2147483647;
			files = (
			);
			runOnlyForDeploymentPostprocessing = 0;
		};
/* End PBXFrameworksBuildPhase section */

/* Begin PBXGroup section */
		00E356EF1AD99517003FC87E /* testeLogLifeTests */ = {
			isa = PBXGroup;
			children = (
				00E356F21AD99517003FC87E /* testeLogLifeTests.m */,
				00E356F01AD99517003FC87E /* Supporting Files */,
			);
			path = testeLogLifeTests;
			sourceTree = "<group>";
		};
		00E356F01AD99517003FC87E /* Supporting Files */ = {
			isa = PBXGroup;
			children = (
				00E356F11AD99517003FC87E /* Info.plist */,
			);
			name = "Supporting Files";
			sourceTree = "<group>";
		};
		13B07FAE1A68108700A75B9A /* testeLogLife */ = {
			isa = PBXGroup;
			children = (
				13B07FAF1A68108700A75B9A /* AppDelegate.h */,
				13B07FB01A68108700A75B9A /* AppDelegate.m */,
				13B07FB51A68108700A75B9A /* Images.xcassets */,
				13B07FB61A68108700A75B9A /* Info.plist */,
				81AB9BB72411601600AC10FF /* LaunchScreen.storyboard */,
				13B07FB71A68108700A75B9A /* main.m */,
			);
			name = testeLogLife;
			sourceTree = "<group>";
		};
		2D16E6871FA4F8E400B85C8A /* Frameworks */ = {
			isa = PBXGroup;
			children = (
				ED297162215061F000B7C4FE /* JavaScriptCore.framework */,
			);
			name = Frameworks;
			sourceTree = "<group>";
		};
		832341AE1AAA6A7D00B99B32 /* Libraries */ = {
			isa = PBXGroup;
			children = (
			);
			name = Libraries;
			sourceTree = "<group>";
		};
		83CBB9F61A601CBA00E9B192 = {
			isa = PBXGroup;
			children = (
				13B07FAE1A68108700A75B9A /* testeLogLife */,
				832341AE1AAA6A7D00B99B32 /* Libraries */,
				00E356EF1AD99517003FC87E /* testeLogLifeTests */,
				83CBBA001A601CBA00E9B192 /* Products */,
				2D16E6871FA4F8E400B85C8A /* Frameworks */,
				841E5B0599D44E2186F8A0ED /* Resources */,
			);
			indentWidth = 2;
			sourceTree = "<group>";
			tabWidth = 2;
			usesTabs = 0;
		};
		83CBBA001A601CBA00E9B192 /* Products */ = {
			isa = PBXGroup;
			children = (
				13B07F961A680F5B00A75B9A /* testeLogLife.app */,
				00E356EE1AD99517003FC87E /* testeLogLifeTests.xctest */,
			);
			name = Products;
			sourceTree = "<group>";
		};
		841E5B0599D44E2186F8A0ED /* Resources */ = {
			isa = "PBXGroup";
			children = (
				DEC68EA8DD534FD4B19BE66C /* AntDesign.ttf */,
				5541E2AC00A44E4FA56828AF /* Entypo.ttf */,
				A29ACC6C11F2433AAEEB5EE3 /* EvilIcons.ttf */,
				95717990B11C4D55A17E4414 /* Feather.ttf */,
				166EA6EA0B7D4A70AF64D1DC /* FontAwesome.ttf */,
				1079A2F9AD214EE5860281CA /* FontAwesome5_Brands.ttf */,
				196AFC4966854CAE8C844D06 /* FontAwesome5_Regular.ttf */,
				1B4F19263FE3403DA22FFA48 /* FontAwesome5_Solid.ttf */,
				BE43628265AC4A5CA7DD9522 /* Fontisto.ttf */,
				74EC31C073CF4385BF42B1BA /* Foundation.ttf */,
				8C2A52BDE0E54530B3A43946 /* Ionicons.ttf */,
				1338EE45147744DCADDC2835 /* MaterialCommunityIcons.ttf */,
				5A02B90163A4403DB0CC4836 /* MaterialIcons.ttf */,
				F3191E5D61A34ADF883D4A43 /* Octicons.ttf */,
				36D1F01D234E4EDFB4E08208 /* SimpleLineIcons.ttf */,
				6382DC6BB5384CC4BB9ADA80 /* Zocial.ttf */,
				66B57F4647074A029717E816 /* NeuzeitGro-Bol.ttf */,
				C0FB1AF447FF45FF856EA32E /* NeuzeitGro-Lig.ttf */,
				60457C9D24794966A1BE2E4E /* NeuzeitGro-Reg.ttf */,
				A15C33B44BDF47389DA508F2 /* Poppins-Black.ttf */,
				2B08E56B02E949A48E068E0F /* Poppins-BlackItalic.ttf */,
				6F389C62D94345DF9B32909B /* Poppins-Bold.ttf */,
				7C901A5123C248D49B22034C /* Poppins-BoldItalic.ttf */,
				58A78691981F4DC199DA61E8 /* Poppins-ExtraBold.ttf */,
				A1DAE67763624757A0012FEF /* Poppins-ExtraBoldItalic.ttf */,
				EDA4C0052EB04E7BA3249D19 /* Poppins-ExtraLight.ttf */,
				E410E255D9494AF69D8AEB8A /* Poppins-ExtraLightItalic.ttf */,
				51105006C9974DD99FC59908 /* Poppins-Italic.ttf */,
				3328D4AC301C489B81344FEE /* Poppins-Light.ttf */,
				82566A9751B149D8B7ECF320 /* Poppins-LightItalic.ttf */,
				FE6EEDAAA6434582B862E1AE /* Poppins-Medium.ttf */,
				F0B3DD1BAB4B4D56B224C260 /* Poppins-MediumItalic.ttf */,
				E65429F133EC4FDC89264CDA /* Poppins-Regular.ttf */,
				88C6FEB6EC1D4BB5879AA5A3 /* Poppins-SemiBold.ttf */,
				93AD46723ED24B3FA008ADB3 /* Poppins-SemiBoldItalic.ttf */,
				60FD83286C604317A750547D /* Poppins-Thin.ttf */,
				C634E5C550A8444BBCAFBDAD /* Poppins-ThinItalic.ttf */,
			);
			name = Resources;
			sourceTree = "<group>";
			path = "";
		};
/* End PBXGroup section */

/* Begin PBXNativeTarget section */
		00E356ED1AD99517003FC87E /* testeLogLifeTests */ = {
			isa = PBXNativeTarget;
			buildConfigurationList = 00E357021AD99517003FC87E /* Build configuration list for PBXNativeTarget "testeLogLifeTests" */;
			buildPhases = (
				00E356EA1AD99517003FC87E /* Sources */,
				00E356EB1AD99517003FC87E /* Frameworks */,
				00E356EC1AD99517003FC87E /* Resources */,
			);
			buildRules = (
			);
			dependencies = (
				00E356F51AD99517003FC87E /* PBXTargetDependency */,
			);
			name = testeLogLifeTests;
			productName = testeLogLifeTests;
			productReference = 00E356EE1AD99517003FC87E /* testeLogLifeTests.xctest */;
			productType = "com.apple.product-type.bundle.unit-test";
		};
		13B07F861A680F5B00A75B9A /* testeLogLife */ = {
			isa = PBXNativeTarget;
			buildConfigurationList = 13B07F931A680F5B00A75B9A /* Build configuration list for PBXNativeTarget "testeLogLife" */;
			buildPhases = (
				FD10A7F022414F080027D42C /* Start Packager */,
				13B07F871A680F5B00A75B9A /* Sources */,
				13B07F8C1A680F5B00A75B9A /* Frameworks */,
				13B07F8E1A680F5B00A75B9A /* Resources */,
				00DD1BFF1BD5951E006B06BC /* Bundle React Native code and images */,
			);
			buildRules = (
			);
			dependencies = (
			);
			name = testeLogLife;
			productName = testeLogLife;
			productReference = 13B07F961A680F5B00A75B9A /* testeLogLife.app */;
			productType = "com.apple.product-type.application";
		};
/* End PBXNativeTarget section */

/* Begin PBXProject section */
		83CBB9F71A601CBA00E9B192 /* Project object */ = {
			isa = PBXProject;
			attributes = {
				LastUpgradeCheck = 1210;
				TargetAttributes = {
					00E356ED1AD99517003FC87E = {
						CreatedOnToolsVersion = 6.2;
						TestTargetID = 13B07F861A680F5B00A75B9A;
					};
					13B07F861A680F5B00A75B9A = {
						LastSwiftMigration = 1120;
					};
				};
			};
			buildConfigurationList = 83CBB9FA1A601CBA00E9B192 /* Build configuration list for PBXProject "testeLogLife" */;
			compatibilityVersion = "Xcode 12.0";
			developmentRegion = en;
			hasScannedForEncodings = 0;
			knownRegions = (
				en,
				Base,
			);
			mainGroup = 83CBB9F61A601CBA00E9B192;
			productRefGroup = 83CBBA001A601CBA00E9B192 /* Products */;
			projectDirPath = "";
			projectRoot = "";
			targets = (
				13B07F861A680F5B00A75B9A /* testeLogLife */,
				00E356ED1AD99517003FC87E /* testeLogLifeTests */,
			);
		};
/* End PBXProject section */

/* Begin PBXResourcesBuildPhase section */
		00E356EC1AD99517003FC87E /* Resources */ = {
			isa = PBXResourcesBuildPhase;
			buildActionMask = 2147483647;
			files = (
			);
			runOnlyForDeploymentPostprocessing = 0;
		};
		13B07F8E1A680F5B00A75B9A /* Resources */ = {
			isa = PBXResourcesBuildPhase;
			buildActionMask = 2147483647;
			files = (
				81AB9BB82411601600AC10FF /* LaunchScreen.storyboard in Resources */,
				13B07FBF1A68108700A75B9A /* Images.xcassets in Resources */,
				4C7BF274159B49DAB4ABF74A /* AntDesign.ttf in Resources */,
				6982C8D2B9844086AAFEF8B7 /* Entypo.ttf in Resources */,
				1CF9BB929AAB41B1AEB20084 /* EvilIcons.ttf in Resources */,
				6C8107220EE6478DB2DF3489 /* Feather.ttf in Resources */,
				815A88A6BE964ABEBBD6C179 /* FontAwesome.ttf in Resources */,
				FAB499C103F34C80869AA1D2 /* FontAwesome5_Brands.ttf in Resources */,
				EFA72EE9151947FDBCC3F272 /* FontAwesome5_Regular.ttf in Resources */,
				038618760DB543879172B700 /* FontAwesome5_Solid.ttf in Resources */,
				DB642AD7D36647BE91AACCB8 /* Fontisto.ttf in Resources */,
				6A732DC0EBBE4E25A86C66E1 /* Foundation.ttf in Resources */,
				13908804647B452585C02209 /* Ionicons.ttf in Resources */,
				6568E9B23D964B5BAF2F5C11 /* MaterialCommunityIcons.ttf in Resources */,
				ED22785B4641420597720BE5 /* MaterialIcons.ttf in Resources */,
				BF6EB616F7004E86BEA11030 /* Octicons.ttf in Resources */,
				66FF49584F5A4ECDAC07998E /* SimpleLineIcons.ttf in Resources */,
				1B06749EB48144E7BDF11122 /* Zocial.ttf in Resources */,
				399158A1C2BE45588F420CF2 /* NeuzeitGro-Bol.ttf in Resources */,
				7EC1B555D38F4D71BA1EC579 /* NeuzeitGro-Lig.ttf in Resources */,
				36CC16B068AD43A7B225358A /* NeuzeitGro-Reg.ttf in Resources */,
				9C86867AE1EC4B4497AF43FB /* Poppins-Black.ttf in Resources */,
				D8AF4EF6D7F64FF0B94EC1FA /* Poppins-BlackItalic.ttf in Resources */,
				6A5279DCA7AC47B08A214F91 /* Poppins-Bold.ttf in Resources */,
				DFC7CA16D47F4B81AF413CAC /* Poppins-BoldItalic.ttf in Resources */,
				75AEC5A6C3E54F70A307E195 /* Poppins-ExtraBold.ttf in Resources */,
				41168BB04DB542D5BA50A837 /* Poppins-ExtraBoldItalic.ttf in Resources */,
				94FADA969A6847DFBEDF5086 /* Poppins-ExtraLight.ttf in Resources */,
				3BD19202253E4B39BE4E9A65 /* Poppins-ExtraLightItalic.ttf in Resources */,
				DF21B709B20D42A6A6FF30E5 /* Poppins-Italic.ttf in Resources */,
				886891E434BC491DB3E41F8F /* Poppins-Light.ttf in Resources */,
				D6CE05AB8A4C4072AED66EE2 /* Poppins-LightItalic.ttf in Resources */,
				261967DE239D4D38AF5A7F8D /* Poppins-Medium.ttf in Resources */,
				D1CF46EDC35D42F99BC3797A /* Poppins-MediumItalic.ttf in Resources */,
				128A1C4C57F142258AD671F0 /* Poppins-Regular.ttf in Resources */,
				A031DE28C614480394073EBD /* Poppins-SemiBold.ttf in Resources */,
				A34127F8B2DF4BB9A5C4FC7F /* Poppins-SemiBoldItalic.ttf in Resources */,
				FD27177FC4E74D7FAC72C248 /* Poppins-Thin.ttf in Resources */,
				86AC97ABBE7B4F56B20C7FAD /* Poppins-ThinItalic.ttf in Resources */,
			);
			runOnlyForDeploymentPostprocessing = 0;
		};
/* End PBXResourcesBuildPhase section */

/* Begin PBXShellScriptBuildPhase section */
		00DD1BFF1BD5951E006B06BC /* Bundle React Native code and images */ = {
			isa = PBXShellScriptBuildPhase;
			buildActionMask = 2147483647;
			files = (
			);
			inputPaths = (
			);
			name = "Bundle React Native code and images";
			outputPaths = (
			);
			runOnlyForDeploymentPostprocessing = 0;
			shellPath = /bin/sh;
			shellScript = "set -e\n\nexport NODE_BINARY=node\n../node_modules/react-native/scripts/react-native-xcode.sh\n";
		};
		FD10A7F022414F080027D42C /* Start Packager */ = {
			isa = PBXShellScriptBuildPhase;
			buildActionMask = 2147483647;
			files = (
			);
			inputFileListPaths = (
			);
			inputPaths = (
			);
			name = "Start Packager";
			outputFileListPaths = (
			);
			outputPaths = (
			);
			runOnlyForDeploymentPostprocessing = 0;
			shellPath = /bin/sh;
			shellScript = "export RCT_METRO_PORT=\"${RCT_METRO_PORT:=8081}\"\necho \"export RCT_METRO_PORT=${RCT_METRO_PORT}\" > \"${SRCROOT}/../node_modules/react-native/scripts/.packager.env\"\nif [ -z \"${RCT_NO_LAUNCH_PACKAGER+xxx}\" ] ; then\n  if nc -w 5 -z localhost ${RCT_METRO_PORT} ; then\n    if ! curl -s \"http://localhost:${RCT_METRO_PORT}/status\" | grep -q \"packager-status:running\" ; then\n      echo \"Port ${RCT_METRO_PORT} already in use, packager is either not running or not running correctly\"\n      exit 2\n    fi\n  else\n    open \"$SRCROOT/../node_modules/react-native/scripts/launchPackager.command\" || echo \"Can't start packager automatically\"\n  fi\nfi\n";
			showEnvVarsInLog = 0;
		};
/* End PBXShellScriptBuildPhase section */

/* Begin PBXSourcesBuildPhase section */
		00E356EA1AD99517003FC87E /* Sources */ = {
			isa = PBXSourcesBuildPhase;
			buildActionMask = 2147483647;
			files = (
				00E356F31AD99517003FC87E /* testeLogLifeTests.m in Sources */,
			);
			runOnlyForDeploymentPostprocessing = 0;
		};
		13B07F871A680F5B00A75B9A /* Sources */ = {
			isa = PBXSourcesBuildPhase;
			buildActionMask = 2147483647;
			files = (
				13B07FBC1A68108700A75B9A /* AppDelegate.m in Sources */,
				13B07FC11A68108700A75B9A /* main.m in Sources */,
			);
			runOnlyForDeploymentPostprocessing = 0;
		};
/* End PBXSourcesBuildPhase section */

/* Begin PBXTargetDependency section */
		00E356F51AD99517003FC87E /* PBXTargetDependency */ = {
			isa = PBXTargetDependency;
			target = 13B07F861A680F5B00A75B9A /* testeLogLife */;
			targetProxy = 00E356F41AD99517003FC87E /* PBXContainerItemProxy */;
		};
/* End PBXTargetDependency section */

/* Begin XCBuildConfiguration section */
		00E356F61AD99517003FC87E /* Debug */ = {
			isa = XCBuildConfiguration;
			buildSettings = {
				BUNDLE_LOADER = "$(TEST_HOST)";
				GCC_PREPROCESSOR_DEFINITIONS = (
					"DEBUG=1",
					"$(inherited)",
				);
				INFOPLIST_FILE = testeLogLifeTests/Info.plist;
				IPHONEOS_DEPLOYMENT_TARGET = 11.0;
				LD_RUNPATH_SEARCH_PATHS = (
					"$(inherited)",
					"@executable_path/Frameworks",
					"@loader_path/Frameworks",
				);
				OTHER_LDFLAGS = (
					"-ObjC",
					"-lc++",
					"$(inherited)",
				);
				PRODUCT_BUNDLE_IDENTIFIER = "org.reactjs.native.example.$(PRODUCT_NAME:rfc1034identifier)";
				PRODUCT_NAME = "$(TARGET_NAME)";
				TEST_HOST = "$(BUILT_PRODUCTS_DIR)/testeLogLife.app/testeLogLife";
			};
			name = Debug;
		};
		00E356F71AD99517003FC87E /* Release */ = {
			isa = XCBuildConfiguration;
			buildSettings = {
				BUNDLE_LOADER = "$(TEST_HOST)";
				COPY_PHASE_STRIP = NO;
				INFOPLIST_FILE = testeLogLifeTests/Info.plist;
				IPHONEOS_DEPLOYMENT_TARGET = 11.0;
				LD_RUNPATH_SEARCH_PATHS = (
					"$(inherited)",
					"@executable_path/Frameworks",
					"@loader_path/Frameworks",
				);
				OTHER_LDFLAGS = (
					"-ObjC",
					"-lc++",
					"$(inherited)",
				);
				PRODUCT_BUNDLE_IDENTIFIER = "org.reactjs.native.example.$(PRODUCT_NAME:rfc1034identifier)";
				PRODUCT_NAME = "$(TARGET_NAME)";
				TEST_HOST = "$(BUILT_PRODUCTS_DIR)/testeLogLife.app/testeLogLife";
			};
			name = Release;
		};
		13B07F941A680F5B00A75B9A /* Debug */ = {
			isa = XCBuildConfiguration;
			buildSettings = {
				ASSETCATALOG_COMPILER_APPICON_NAME = AppIcon;
				CLANG_ENABLE_MODULES = YES;
				CURRENT_PROJECT_VERSION = 1;
				ENABLE_BITCODE = NO;
				INFOPLIST_FILE = testeLogLife/Info.plist;
				LD_RUNPATH_SEARCH_PATHS = (
					"$(inherited)",
					"@executable_path/Frameworks",
				);
				OTHER_LDFLAGS = (
					"$(inherited)",
					"-ObjC",
					"-lc++",
				);
				PRODUCT_BUNDLE_IDENTIFIER = "org.reactjs.native.example.$(PRODUCT_NAME:rfc1034identifier)";
				PRODUCT_NAME = testeLogLife;
				SWIFT_OPTIMIZATION_LEVEL = "-Onone";
				SWIFT_VERSION = 5.0;
				VERSIONING_SYSTEM = "apple-generic";
			};
			name = Debug;
		};
		13B07F951A680F5B00A75B9A /* Release */ = {
			isa = XCBuildConfiguration;
			buildSettings = {
				ASSETCATALOG_COMPILER_APPICON_NAME = AppIcon;
				CLANG_ENABLE_MODULES = YES;
				CURRENT_PROJECT_VERSION = 1;
				INFOPLIST_FILE = testeLogLife/Info.plist;
				LD_RUNPATH_SEARCH_PATHS = (
					"$(inherited)",
					"@executable_path/Frameworks",
				);
				OTHER_LDFLAGS = (
					"$(inherited)",
					"-ObjC",
					"-lc++",
				);
				PRODUCT_BUNDLE_IDENTIFIER = "org.reactjs.native.example.$(PRODUCT_NAME:rfc1034identifier)";
				PRODUCT_NAME = testeLogLife;
				SWIFT_VERSION = 5.0;
				VERSIONING_SYSTEM = "apple-generic";
			};
			name = Release;
		};
		83CBBA201A601CBA00E9B192 /* Debug */ = {
			isa = XCBuildConfiguration;
			buildSettings = {
				ALWAYS_SEARCH_USER_PATHS = NO;
				CLANG_ANALYZER_LOCALIZABILITY_NONLOCALIZED = YES;
				CLANG_CXX_LANGUAGE_STANDARD = "gnu++0x";
				CLANG_CXX_LIBRARY = "libc++";
				CLANG_ENABLE_MODULES = YES;
				CLANG_ENABLE_OBJC_ARC = YES;
				CLANG_WARN_BLOCK_CAPTURE_AUTORELEASING = YES;
				CLANG_WARN_BOOL_CONVERSION = YES;
				CLANG_WARN_COMMA = YES;
				CLANG_WARN_CONSTANT_CONVERSION = YES;
				CLANG_WARN_DEPRECATED_OBJC_IMPLEMENTATIONS = YES;
				CLANG_WARN_DIRECT_OBJC_ISA_USAGE = YES_ERROR;
				CLANG_WARN_EMPTY_BODY = YES;
				CLANG_WARN_ENUM_CONVERSION = YES;
				CLANG_WARN_INFINITE_RECURSION = YES;
				CLANG_WARN_INT_CONVERSION = YES;
				CLANG_WARN_NON_LITERAL_NULL_CONVERSION = YES;
				CLANG_WARN_OBJC_IMPLICIT_RETAIN_SELF = YES;
				CLANG_WARN_OBJC_LITERAL_CONVERSION = YES;
				CLANG_WARN_OBJC_ROOT_CLASS = YES_ERROR;
				CLANG_WARN_QUOTED_INCLUDE_IN_FRAMEWORK_HEADER = YES;
				CLANG_WARN_RANGE_LOOP_ANALYSIS = YES;
				CLANG_WARN_STRICT_PROTOTYPES = YES;
				CLANG_WARN_SUSPICIOUS_MOVE = YES;
				CLANG_WARN_UNREACHABLE_CODE = YES;
				CLANG_WARN__DUPLICATE_METHOD_MATCH = YES;
				"CODE_SIGN_IDENTITY[sdk=iphoneos*]" = "iPhone Developer";
				COPY_PHASE_STRIP = NO;
				ENABLE_STRICT_OBJC_MSGSEND = YES;
				ENABLE_TESTABILITY = YES;
				GCC_C_LANGUAGE_STANDARD = gnu99;
				GCC_DYNAMIC_NO_PIC = NO;
				GCC_NO_COMMON_BLOCKS = YES;
				GCC_OPTIMIZATION_LEVEL = 0;
				GCC_PREPROCESSOR_DEFINITIONS = (
					"DEBUG=1",
					"$(inherited)",
				);
				GCC_SYMBOLS_PRIVATE_EXTERN = NO;
				GCC_WARN_64_TO_32_BIT_CONVERSION = YES;
				GCC_WARN_ABOUT_RETURN_TYPE = YES_ERROR;
				GCC_WARN_UNDECLARED_SELECTOR = YES;
				GCC_WARN_UNINITIALIZED_AUTOS = YES_AGGRESSIVE;
				GCC_WARN_UNUSED_FUNCTION = YES;
				GCC_WARN_UNUSED_VARIABLE = YES;
				IPHONEOS_DEPLOYMENT_TARGET = 11.0;
				LD_RUNPATH_SEARCH_PATHS = (
					/usr/lib/swift,
					"$(inherited)",
				);
				LIBRARY_SEARCH_PATHS = (
					"\"$(TOOLCHAIN_DIR)/usr/lib/swift/$(PLATFORM_NAME)\"",
					"\"$(TOOLCHAIN_DIR)/usr/lib/swift-5.0/$(PLATFORM_NAME)\"",
					"\"$(inherited)\"",
				);
				MTL_ENABLE_DEBUG_INFO = YES;
				ONLY_ACTIVE_ARCH = YES;
				SDKROOT = iphoneos;
			};
			name = Debug;
		};
		83CBBA211A601CBA00E9B192 /* Release */ = {
			isa = XCBuildConfiguration;
			buildSettings = {
				ALWAYS_SEARCH_USER_PATHS = NO;
				CLANG_ANALYZER_LOCALIZABILITY_NONLOCALIZED = YES;
				CLANG_CXX_LANGUAGE_STANDARD = "gnu++0x";
				CLANG_CXX_LIBRARY = "libc++";
				CLANG_ENABLE_MODULES = YES;
				CLANG_ENABLE_OBJC_ARC = YES;
				CLANG_WARN_BLOCK_CAPTURE_AUTORELEASING = YES;
				CLANG_WARN_BOOL_CONVERSION = YES;
				CLANG_WARN_COMMA = YES;
				CLANG_WARN_CONSTANT_CONVERSION = YES;
				CLANG_WARN_DEPRECATED_OBJC_IMPLEMENTATIONS = YES;
				CLANG_WARN_DIRECT_OBJC_ISA_USAGE = YES_ERROR;
				CLANG_WARN_EMPTY_BODY = YES;
				CLANG_WARN_ENUM_CONVERSION = YES;
				CLANG_WARN_INFINITE_RECURSION = YES;
				CLANG_WARN_INT_CONVERSION = YES;
				CLANG_WARN_NON_LITERAL_NULL_CONVERSION = YES;
				CLANG_WARN_OBJC_IMPLICIT_RETAIN_SELF = YES;
				CLANG_WARN_OBJC_LITERAL_CONVERSION = YES;
				CLANG_WARN_OBJC_ROOT_CLASS = YES_ERROR;
				CLANG_WARN_QUOTED_INCLUDE_IN_FRAMEWORK_HEADER = YES;
				CLANG_WARN_RANGE_LOOP_ANALYSIS = YES;
				CLANG_WARN_STRICT_PROTOTYPES = YES;
				CLANG_WARN_SUSPICIOUS_MOVE = YES;
				CLANG_WARN_UNREACHABLE_CODE = YES;
				CLANG_WARN__DUPLICATE_METHOD_MATCH = YES;
				"CODE_SIGN_IDENTITY[sdk=iphoneos*]" = "iPhone Developer";
				COPY_PHASE_STRIP = YES;
				ENABLE_NS_ASSERTIONS = NO;
				ENABLE_STRICT_OBJC_MSGSEND = YES;
				GCC_C_LANGUAGE_STANDARD = gnu99;
				GCC_NO_COMMON_BLOCKS = YES;
				GCC_WARN_64_TO_32_BIT_CONVERSION = YES;
				GCC_WARN_ABOUT_RETURN_TYPE = YES_ERROR;
				GCC_WARN_UNDECLARED_SELECTOR = YES;
				GCC_WARN_UNINITIALIZED_AUTOS = YES_AGGRESSIVE;
				GCC_WARN_UNUSED_FUNCTION = YES;
				GCC_WARN_UNUSED_VARIABLE = YES;
				IPHONEOS_DEPLOYMENT_TARGET = 11.0;
				LD_RUNPATH_SEARCH_PATHS = (
					/usr/lib/swift,
					"$(inherited)",
				);
				LIBRARY_SEARCH_PATHS = (
					"\"$(TOOLCHAIN_DIR)/usr/lib/swift/$(PLATFORM_NAME)\"",
					"\"$(TOOLCHAIN_DIR)/usr/lib/swift-5.0/$(PLATFORM_NAME)\"",
					"\"$(inherited)\"",
				);
				MTL_ENABLE_DEBUG_INFO = NO;
				SDKROOT = iphoneos;
				VALIDATE_PRODUCT = YES;
			};
			name = Release;
		};
/* End XCBuildConfiguration section */

/* Begin XCConfigurationList section */
		00E357021AD99517003FC87E /* Build configuration list for PBXNativeTarget "testeLogLifeTests" */ = {
			isa = XCConfigurationList;
			buildConfigurations = (
				00E356F61AD99517003FC87E /* Debug */,
				00E356F71AD99517003FC87E /* Release */,
			);
			defaultConfigurationIsVisible = 0;
			defaultConfigurationName = Release;
		};
		13B07F931A680F5B00A75B9A /* Build configuration list for PBXNativeTarget "testeLogLife" */ = {
			isa = XCConfigurationList;
			buildConfigurations = (
				13B07F941A680F5B00A75B9A /* Debug */,
				13B07F951A680F5B00A75B9A /* Release */,
			);
			defaultConfigurationIsVisible = 0;
			defaultConfigurationName = Release;
		};
		83CBB9FA1A601CBA00E9B192 /* Build configuration list for PBXProject "testeLogLife" */ = {
			isa = XCConfigurationList;
			buildConfigurations = (
				83CBBA201A601CBA00E9B192 /* Debug */,
				83CBBA211A601CBA00E9B192 /* Release */,
			);
			defaultConfigurationIsVisible = 0;
			defaultConfigurationName = Release;
		};
/* End XCConfigurationList section */
	};
	rootObject = 83CBB9F71A601CBA00E9B192 /* Project object */;
}
